
Microsoft Visual Studio Solution File, Format Version 12.00
# Visual Studio Version 16
VisualStudioVersion = 16.0.30413.136
MinimumVisualStudioVersion = 10.0.40219.1
Project("{9A19103F-16F7-4668-BE54-9A1E7A4F7556}") = "project-freyr", "project-freyr\project-freyr.csproj", "{66AE50C1-5D69-4A88-BA77-F6F5FA1BF062}"
EndProject
Project("{6EC3EE1D-3C4E-46DD-8F32-0CC8E7565705}") = "Board", "Board\Board.fsproj", "{D1BADF1C-4314-48E5-843D-2C6A0DFAA507}"
EndProject
Global
	GlobalSection(SolutionConfigurationPlatforms) = preSolution
		Debug|Any CPU = Debug|Any CPU
		Release|Any CPU = Release|Any CPU
	EndGlobalSection
	GlobalSection(ProjectConfigurationPlatforms) = postSolution
		{66AE50C1-5D69-4A88-BA77-F6F5FA1BF062}.Debug|Any CPU.ActiveCfg = Debug|Any CPU
		{66AE50C1-5D69-4A88-BA77-F6F5FA1BF062}.Debug|Any CPU.Build.0 = Debug|Any CPU
		{66AE50C1-5D69-4A88-BA77-F6F5FA1BF062}.Release|Any CPU.ActiveCfg = Release|Any CPU
		{66AE50C1-5D69-4A88-BA77-F6F5FA1BF062}.Release|Any CPU.Build.0 = Release|Any CPU
		{D1BADF1C-4314-48E5-843D-2C6A0DFAA507}.Debug|Any CPU.ActiveCfg = Debug|Any CPU
		{D1BADF1C-4314-48E5-843D-2C6A0DFAA507}.Debug|Any CPU.Build.0 = Debug|Any CPU
		{D1BADF1C-4314-48E5-843D-2C6A0DFAA507}.Release|Any CPU.ActiveCfg = Release|Any CPU
		{D1BADF1C-4314-48E5-843D-2C6A0DFAA507}.Release|Any CPU.Build.0 = Release|Any CPU
	EndGlobalSection
	GlobalSection(SolutionProperties) = preSolution
		HideSolutionNode = FALSE
	EndGlobalSection
	GlobalSection(ExtensibilityGlobals) = postSolution
		SolutionGuid = {C1049FB1-2907-4F6E-8EAA-ECE08033EF3A}
	EndGlobalSection
EndGlobal
