
Microsoft Visual Studio Solution File, Format Version 12.00
# Visual Studio Version 16
VisualStudioVersion = 16.0.30413.136
MinimumVisualStudioVersion = 10.0.40219.1
Project("{2150E333-8FDC-42A3-9474-1A3956D46DE8}") = ".paket", ".paket", "{E8C5A27D-5650-4600-8A9E-BC9AD6F7A2D7}"
	ProjectSection(SolutionItems) = preProject
		paket.dependencies = paket.dependencies
	EndProjectSection
EndProject
Project("{6EC3EE1D-3C4E-46DD-8F32-0CC8E7565705}") = "Entities", "Entities\Entities.fsproj", "{15CDD72B-514F-40CD-8C21-183C23F5A821}"
EndProject
Project("{FAE04EC0-301F-11D3-BF4B-00C04F79EFBC}") = "project-freyr", "project-freyr\project-freyr.csproj", "{D8DFB33A-E627-461C-995B-785E9EA02BFE}"
EndProject
Project("{F2A71F9B-5D33-465A-A702-920D77279786}") = "Board", "World\Board.fsproj", "{6668012E-56DE-4479-B3C4-BB21B8ECEBE3}"
EndProject
Global
	GlobalSection(SolutionConfigurationPlatforms) = preSolution
		Debug|Any CPU = Debug|Any CPU
		Release|Any CPU = Release|Any CPU
	EndGlobalSection
	GlobalSection(ProjectConfigurationPlatforms) = postSolution
		{15CDD72B-514F-40CD-8C21-183C23F5A821}.Debug|Any CPU.ActiveCfg = Debug|Any CPU
		{15CDD72B-514F-40CD-8C21-183C23F5A821}.Debug|Any CPU.Build.0 = Debug|Any CPU
		{15CDD72B-514F-40CD-8C21-183C23F5A821}.Release|Any CPU.ActiveCfg = Release|Any CPU
		{15CDD72B-514F-40CD-8C21-183C23F5A821}.Release|Any CPU.Build.0 = Release|Any CPU
		{D8DFB33A-E627-461C-995B-785E9EA02BFE}.Debug|Any CPU.ActiveCfg = Debug|Any CPU
		{D8DFB33A-E627-461C-995B-785E9EA02BFE}.Debug|Any CPU.Build.0 = Debug|Any CPU
		{D8DFB33A-E627-461C-995B-785E9EA02BFE}.Release|Any CPU.ActiveCfg = Release|Any CPU
		{D8DFB33A-E627-461C-995B-785E9EA02BFE}.Release|Any CPU.Build.0 = Release|Any CPU
		{6668012E-56DE-4479-B3C4-BB21B8ECEBE3}.Debug|Any CPU.ActiveCfg = Debug|Any CPU
		{6668012E-56DE-4479-B3C4-BB21B8ECEBE3}.Debug|Any CPU.Build.0 = Debug|Any CPU
		{6668012E-56DE-4479-B3C4-BB21B8ECEBE3}.Release|Any CPU.ActiveCfg = Release|Any CPU
		{6668012E-56DE-4479-B3C4-BB21B8ECEBE3}.Release|Any CPU.Build.0 = Release|Any CPU
	EndGlobalSection
	GlobalSection(SolutionProperties) = preSolution
		HideSolutionNode = FALSE
	EndGlobalSection
	GlobalSection(ExtensibilityGlobals) = postSolution
		SolutionGuid = {C1049FB1-2907-4F6E-8EAA-ECE08033EF3A}
	EndGlobalSection
EndGlobal
